
Microsoft Visual Studio Solution File, Format Version 12.00
# Visual Studio Version 16
VisualStudioVersion = 16.0.29709.97
MinimumVisualStudioVersion = 10.0.40219.1
Project("{FAE04EC0-301F-11D3-BF4B-00C04F79EFBC}") = "loginsysteem", "loginsysteem.csproj", "{D532D178-D652-46E4-A605-20359C5652B5}"
EndProject
Global
	GlobalSection(SolutionConfigurationPlatforms) = preSolution
		Debug|Any CPU = Debug|Any CPU
		Release|Any CPU = Release|Any CPU
	EndGlobalSection
	GlobalSection(ProjectConfigurationPlatforms) = postSolution
		{D532D178-D652-46E4-A605-20359C5652B5}.Debug|Any CPU.ActiveCfg = Debug|Any CPU
		{D532D178-D652-46E4-A605-20359C5652B5}.Debug|Any CPU.Build.0 = Debug|Any CPU
		{D532D178-D652-46E4-A605-20359C5652B5}.Release|Any CPU.ActiveCfg = Release|Any CPU
		{D532D178-D652-46E4-A605-20359C5652B5}.Release|Any CPU.Build.0 = Release|Any CPU
	EndGlobalSection
	GlobalSection(SolutionProperties) = preSolution
		HideSolutionNode = FALSE
	EndGlobalSection
	GlobalSection(ExtensibilityGlobals) = postSolution
		SolutionGuid = {EBC8269B-1E39-4E7B-9583-7FD673DF4117}
	EndGlobalSection
EndGlobal
