
Microsoft Visual Studio Solution File, Format Version 12.00
# Visual Studio Version 16
VisualStudioVersion = 16.0.29230.47
MinimumVisualStudioVersion = 10.0.40219.1
Project("{FAE04EC0-301F-11D3-BF4B-00C04F79EFBC}") = "2.1", "2.1.csproj", "{DD4EF2B4-08F6-47E9-A8B1-60AB9BE88480}"
EndProject
Global
	GlobalSection(SolutionConfigurationPlatforms) = preSolution
		Debug|Any CPU = Debug|Any CPU
		Release|Any CPU = Release|Any CPU
	EndGlobalSection
	GlobalSection(ProjectConfigurationPlatforms) = postSolution
		{DD4EF2B4-08F6-47E9-A8B1-60AB9BE88480}.Debug|Any CPU.ActiveCfg = Debug|Any CPU
		{DD4EF2B4-08F6-47E9-A8B1-60AB9BE88480}.Debug|Any CPU.Build.0 = Debug|Any CPU
		{DD4EF2B4-08F6-47E9-A8B1-60AB9BE88480}.Release|Any CPU.ActiveCfg = Release|Any CPU
		{DD4EF2B4-08F6-47E9-A8B1-60AB9BE88480}.Release|Any CPU.Build.0 = Release|Any CPU
	EndGlobalSection
	GlobalSection(SolutionProperties) = preSolution
		HideSolutionNode = FALSE
	EndGlobalSection
	GlobalSection(ExtensibilityGlobals) = postSolution
		SolutionGuid = {A3E77568-A07B-41D8-885A-3C6B766F901C}
	EndGlobalSection
EndGlobal
