
Microsoft Visual Studio Solution File, Format Version 12.00
# Visual Studio Version 16
VisualStudioVersion = 16.0.29215.179
MinimumVisualStudioVersion = 10.0.40219.1
Project("{FAE04EC0-301F-11D3-BF4B-00C04F79EFBC}") = "tekenen1", "tekenen1.csproj", "{CF6EF027-EAEA-4632-A598-DB24CECADE5A}"
EndProject
Global
	GlobalSection(SolutionConfigurationPlatforms) = preSolution
		Debug|Any CPU = Debug|Any CPU
		Release|Any CPU = Release|Any CPU
	EndGlobalSection
	GlobalSection(ProjectConfigurationPlatforms) = postSolution
		{CF6EF027-EAEA-4632-A598-DB24CECADE5A}.Debug|Any CPU.ActiveCfg = Debug|Any CPU
		{CF6EF027-EAEA-4632-A598-DB24CECADE5A}.Debug|Any CPU.Build.0 = Debug|Any CPU
		{CF6EF027-EAEA-4632-A598-DB24CECADE5A}.Release|Any CPU.ActiveCfg = Release|Any CPU
		{CF6EF027-EAEA-4632-A598-DB24CECADE5A}.Release|Any CPU.Build.0 = Release|Any CPU
	EndGlobalSection
	GlobalSection(SolutionProperties) = preSolution
		HideSolutionNode = FALSE
	EndGlobalSection
	GlobalSection(ExtensibilityGlobals) = postSolution
		SolutionGuid = {9B43B5C1-A41E-40C1-82F7-0725E0E90537}
	EndGlobalSection
EndGlobal
