
Microsoft Visual Studio Solution File, Format Version 12.00
# Visual Studio Version 16
VisualStudioVersion = 16.0.29709.97
MinimumVisualStudioVersion = 10.0.40219.1
Project("{FAE04EC0-301F-11D3-BF4B-00C04F79EFBC}") = "Thermostaat", "Thermostaat.csproj", "{D4FCF43C-9323-4E4F-BF57-C7375F851345}"
EndProject
Global
	GlobalSection(SolutionConfigurationPlatforms) = preSolution
		Debug|Any CPU = Debug|Any CPU
		Release|Any CPU = Release|Any CPU
	EndGlobalSection
	GlobalSection(ProjectConfigurationPlatforms) = postSolution
		{D4FCF43C-9323-4E4F-BF57-C7375F851345}.Debug|Any CPU.ActiveCfg = Debug|Any CPU
		{D4FCF43C-9323-4E4F-BF57-C7375F851345}.Debug|Any CPU.Build.0 = Debug|Any CPU
		{D4FCF43C-9323-4E4F-BF57-C7375F851345}.Release|Any CPU.ActiveCfg = Release|Any CPU
		{D4FCF43C-9323-4E4F-BF57-C7375F851345}.Release|Any CPU.Build.0 = Release|Any CPU
	EndGlobalSection
	GlobalSection(SolutionProperties) = preSolution
		HideSolutionNode = FALSE
	EndGlobalSection
	GlobalSection(ExtensibilityGlobals) = postSolution
		SolutionGuid = {7BD38D01-D739-4BBA-86AD-FC451A05E318}
	EndGlobalSection
EndGlobal
