
Microsoft Visual Studio Solution File, Format Version 12.00
# Visual Studio Version 16
VisualStudioVersion = 16.0.29709.97
MinimumVisualStudioVersion = 10.0.40219.1
Project("{FAE04EC0-301F-11D3-BF4B-00C04F79EFBC}") = "Rechthoek", "Rechthoek.csproj", "{2A5DBECF-13AA-4CB1-A536-3AD33C8397EB}"
EndProject
Global
	GlobalSection(SolutionConfigurationPlatforms) = preSolution
		Debug|Any CPU = Debug|Any CPU
		Release|Any CPU = Release|Any CPU
	EndGlobalSection
	GlobalSection(ProjectConfigurationPlatforms) = postSolution
		{2A5DBECF-13AA-4CB1-A536-3AD33C8397EB}.Debug|Any CPU.ActiveCfg = Debug|Any CPU
		{2A5DBECF-13AA-4CB1-A536-3AD33C8397EB}.Debug|Any CPU.Build.0 = Debug|Any CPU
		{2A5DBECF-13AA-4CB1-A536-3AD33C8397EB}.Release|Any CPU.ActiveCfg = Release|Any CPU
		{2A5DBECF-13AA-4CB1-A536-3AD33C8397EB}.Release|Any CPU.Build.0 = Release|Any CPU
	EndGlobalSection
	GlobalSection(SolutionProperties) = preSolution
		HideSolutionNode = FALSE
	EndGlobalSection
	GlobalSection(ExtensibilityGlobals) = postSolution
		SolutionGuid = {22A251B6-7354-4453-AC18-79C698682333}
	EndGlobalSection
EndGlobal
