
Microsoft Visual Studio Solution File, Format Version 12.00
# Visual Studio Version 16
VisualStudioVersion = 16.0.29709.97
MinimumVisualStudioVersion = 10.0.40219.1
Project("{9A19103F-16F7-4668-BE54-9A1E7A4F7556}") = "toets_testen_opdracht1", "toets_testen_opdracht1.csproj", "{AEDC6708-D6AD-4143-BFDB-9C206AD578F2}"
EndProject
Project("{FAE04EC0-301F-11D3-BF4B-00C04F79EFBC}") = "bereken_test", "..\bereken_test\bereken_test.csproj", "{311FD96D-434E-4772-A9CF-5465FC9DE32A}"
EndProject
Global
	GlobalSection(SolutionConfigurationPlatforms) = preSolution
		Debug|Any CPU = Debug|Any CPU
		Release|Any CPU = Release|Any CPU
	EndGlobalSection
	GlobalSection(ProjectConfigurationPlatforms) = postSolution
		{AEDC6708-D6AD-4143-BFDB-9C206AD578F2}.Debug|Any CPU.ActiveCfg = Debug|Any CPU
		{AEDC6708-D6AD-4143-BFDB-9C206AD578F2}.Debug|Any CPU.Build.0 = Debug|Any CPU
		{AEDC6708-D6AD-4143-BFDB-9C206AD578F2}.Release|Any CPU.ActiveCfg = Release|Any CPU
		{AEDC6708-D6AD-4143-BFDB-9C206AD578F2}.Release|Any CPU.Build.0 = Release|Any CPU
		{311FD96D-434E-4772-A9CF-5465FC9DE32A}.Debug|Any CPU.ActiveCfg = Debug|Any CPU
		{311FD96D-434E-4772-A9CF-5465FC9DE32A}.Debug|Any CPU.Build.0 = Debug|Any CPU
		{311FD96D-434E-4772-A9CF-5465FC9DE32A}.Release|Any CPU.ActiveCfg = Release|Any CPU
		{311FD96D-434E-4772-A9CF-5465FC9DE32A}.Release|Any CPU.Build.0 = Release|Any CPU
	EndGlobalSection
	GlobalSection(SolutionProperties) = preSolution
		HideSolutionNode = FALSE
	EndGlobalSection
	GlobalSection(ExtensibilityGlobals) = postSolution
		SolutionGuid = {40C85A2B-D75B-4C62-91F8-C2DCB94C3DE8}
	EndGlobalSection
EndGlobal
